PODS:
  - AppAuth/Core (1.4.0)
  - AppAuth/ExternalUserAgent (1.4.0)
  - CryptomatorCloudAccess (0.4.0):
    - CryptomatorCloudAccess/Core (= 0.4.0)
    - CryptomatorCloudAccess/LocalFileSystem (= 0.4.0)
    - CryptomatorCloudAccess/VaultFormat7 (= 0.4.0)
  - CryptomatorCloudAccess/Core (0.4.0):
    - PromisesSwift (~> 1.2.0)
  - CryptomatorCloudAccess/LocalFileSystem (0.4.0):
    - CryptomatorCloudAccess/Core
  - CryptomatorCloudAccess/VaultFormat7 (0.4.0):
    - CryptomatorCloudAccess/Core
    - CryptomatorCryptoLib (~> 0.7.0)
    - GRDB.swift (~> 4.14.0)
  - CryptomatorCryptoLib (0.7.1):
    - CryptoSwift (~> 1.3.0)
    - SwiftBase32 (~> 0.8.0)
  - CryptoSwift (1.3.1)
  - GoogleAPIClientForREST/Core (1.3.11):
    - GTMSessionFetcher (>= 1.1.7)
  - GoogleAPIClientForREST/Drive (1.3.11):
    - GoogleAPIClientForREST/Core
    - GTMSessionFetcher (>= 1.1.7)
  - GRDB.swift (4.14.0):
    - GRDB.swift/standard (= 4.14.0)
  - GRDB.swift/standard (4.14.0)
  - GTMAppAuth (1.0.0):
    - AppAuth/Core (~> 1.0)
    - GTMSessionFetcher (~> 1.1)
  - GTMSessionFetcher (1.4.0):
    - GTMSessionFetcher/Full (= 1.4.0)
  - GTMSessionFetcher/Core (1.4.0)
  - GTMSessionFetcher/Full (1.4.0):
    - GTMSessionFetcher/Core (= 1.4.0)
  - ObjectiveDropboxOfficial (4.0.0)
  - PromisesObjC (1.2.9)
  - PromisesSwift (1.2.9):
    - PromisesObjC (= 1.2.9)
  - SwiftBase32 (0.8.0)

DEPENDENCIES:
  - AppAuth/ExternalUserAgent (~> 1.0)
  - CryptomatorCloudAccess (~> 0.4.0)
  - GoogleAPIClientForREST/Drive (~> 1.3.0)
  - GRDB.swift (~> 4.14)
  - GTMAppAuth (~> 1.0.0)
  - ObjectiveDropboxOfficial (~> 4.0)

SPEC REPOS:
  trunk:
    - AppAuth
    - CryptomatorCloudAccess
    - CryptomatorCryptoLib
    - CryptoSwift
    - GoogleAPIClientForREST
    - GRDB.swift
    - GTMAppAuth
    - GTMSessionFetcher
    - ObjectiveDropboxOfficial
    - PromisesObjC
    - PromisesSwift
    - SwiftBase32

SPEC CHECKSUMS:
  AppAuth: 31bcec809a638d7bd2f86ea8a52bd45f6e81e7c7
  CryptomatorCloudAccess: b900ab157d4ba9bed13468aade7b0758d8324805
  CryptomatorCryptoLib: 07b2239f9368318d98770c18b581a2b489618e40
  CryptoSwift: f12f037f6d0fcd6d48c96db0071b653de64e6c4d
  GoogleAPIClientForREST: 0f19a8280dfe6471f76016645d26eb5dae305101
  GRDB.swift: 8cc3ab7c8b8b4ac1761deb8dca4b51c1c9d429f8
  GTMAppAuth: 4deac854479704f348309e7b66189e604cf5e01e
  GTMSessionFetcher: 6f5c8abbab8a9bce4bb3f057e317728ec6182b10
  ObjectiveDropboxOfficial: 4482e13f7494132a9b6c700755189b1b70d9629e
  PromisesObjC: b48e0338dbbac2207e611750777895f7a5811b75
  PromisesSwift: 991ad88e9851c45410d6697d1fe5df88fd3deb08
  SwiftBase32: 723fd05e2fce776f2b98f26fe423bd20fa80e411

PODFILE CHECKSUM: 451dd6550d5125e3b4b948e6cfcf381f6012c9dd

COCOAPODS: 1.9.3
