PODS:
  - AppAuth (1.3.0):
    - AppAuth/Core (= 1.3.0)
    - AppAuth/ExternalUserAgent (= 1.3.0)
  - AppAuth/Core (1.3.0)
  - AppAuth/ExternalUserAgent (1.3.0)
  - CryptomatorCloudAccess (0.0.1-snapshot):
    - CryptomatorCryptoLib (~> 0.2)
    - GRDB.swift (~> 4.14)
    - PromisesSwift (~> 1.2)
  - CryptomatorCryptoLib (0.3.0):
    - CryptoSwift (~> 1.3)
    - SwiftBase32 (~> 0.8)
  - CryptoSwift (1.3.1)
  - GoogleAPIClientForREST/Core (1.3.11):
    - GTMSessionFetcher (>= 1.1.7)
  - GoogleAPIClientForREST/Drive (1.3.11):
    - GoogleAPIClientForREST/Core
    - GTMSessionFetcher (>= 1.1.7)
  - GoogleSignIn (5.0.2):
    - AppAuth (~> 1.2)
    - GTMAppAuth (~> 1.0)
    - GTMSessionFetcher/Core (~> 1.1)
  - GRDB.swift (4.14.0):
    - GRDB.swift/standard (= 4.14.0)
  - GRDB.swift/standard (4.14.0)
  - GTMAppAuth (1.0.0):
    - AppAuth/Core (~> 1.0)
    - GTMSessionFetcher (~> 1.1)
  - GTMSessionFetcher (1.4.0):
    - GTMSessionFetcher/Full (= 1.4.0)
  - GTMSessionFetcher/Core (1.4.0)
  - GTMSessionFetcher/Full (1.4.0):
    - GTMSessionFetcher/Core (= 1.4.0)
  - PromisesObjC (1.2.8)
  - PromisesSwift (1.2.8):
    - PromisesObjC (= 1.2.8)
  - SwiftBase32 (0.8.0)

DEPENDENCIES:
  - CryptomatorCloudAccess (from `https://github.com/cryptomator/cloud-access-swift.git`, commit `HEAD`, branch `develop`)
  - GoogleAPIClientForREST/Drive (~> 1.3.0)
  - GoogleSignIn (~> 5.0)
  - GRDB.swift (~> 4.14)
  - GTMAppAuth (~> 1.0.0)

SPEC REPOS:
  trunk:
    - AppAuth
    - CryptomatorCryptoLib
    - CryptoSwift
    - GoogleAPIClientForREST
    - GoogleSignIn
    - GRDB.swift
    - GTMAppAuth
    - GTMSessionFetcher
    - PromisesObjC
    - PromisesSwift
    - SwiftBase32

EXTERNAL SOURCES:
  CryptomatorCloudAccess:
    :branch: develop
    :commit: HEAD
    :git: https://github.com/cryptomator/cloud-access-swift.git

CHECKOUT OPTIONS:
  CryptomatorCloudAccess:
    :commit: c11842d9872df887af77ba8519cb2f6b47d2d9d4
    :git: https://github.com/cryptomator/cloud-access-swift.git

SPEC CHECKSUMS:
  AppAuth: 73574f3013a1e65b9601a3ddc8b3158cce68c09d
  CryptomatorCloudAccess: 5270e0212a947c785e5b277dfb53c0e54135e4e8
  CryptomatorCryptoLib: c46b1a6da39d8f73c6a908b917f1b5b9391bfa8a
  CryptoSwift: f12f037f6d0fcd6d48c96db0071b653de64e6c4d
  GoogleAPIClientForREST: 0f19a8280dfe6471f76016645d26eb5dae305101
  GoogleSignIn: 7137d297ddc022a7e0aa4619c86d72c909fa7213
  GRDB.swift: 8cc3ab7c8b8b4ac1761deb8dca4b51c1c9d429f8
  GTMAppAuth: 4deac854479704f348309e7b66189e604cf5e01e
  GTMSessionFetcher: 6f5c8abbab8a9bce4bb3f057e317728ec6182b10
  PromisesObjC: c119f3cd559f50b7ae681fa59dc1acd19173b7e6
  PromisesSwift: 37bad6f4daddb02f7c9c531efe91e8b21c13ee2f
  SwiftBase32: 723fd05e2fce776f2b98f26fe423bd20fa80e411

PODFILE CHECKSUM: cf65a4467bddde7a3a59738627891b709f77f648

COCOAPODS: 1.9.1
