{
  "object": {
    "pins": [
      {
        "package": "AppAuth",
        "repositoryURL": "https://github.com/openid/AppAuth-iOS.git",
        "state": {
          "branch": null,
          "revision": "01131d68346c8ae552961c768d583c715fbe1410",
          "version": "1.4.0"
        }
      },
      {
        "package": "Base32",
        "repositoryURL": "https://github.com/norio-nomura/Base32.git",
        "state": {
          "branch": null,
          "revision": "69fc95dd2e4229a2fd82e14d9358c23b0fd8cf74",
          "version": "0.8.0"
        }
      },
      {
        "package": "CryptomatorCloudAccess",
        "repositoryURL": "https://github.com/cryptomator/cloud-access-swift.git",
        "state": {
          "branch": "develop",
          "revision": "2dcf8f30441b98551cb981c5045c8d90ee695769",
          "version": null
        }
      },
      {
        "package": "CocoaLumberjack",
        "repositoryURL": "https://github.com/CocoaLumberjack/CocoaLumberjack.git",
        "state": {
          "branch": null,
          "revision": "e518eb6e362df327574ba5e04269cd6d29f40aec",
          "version": "3.7.2"
        }
      },
      {
        "package": "CryptomatorCryptoLib",
        "repositoryURL": "https://github.com/cryptomator/cryptolib-swift.git",
        "state": {
          "branch": null,
          "revision": "365ede1f3f0eb20526d521e579b9f2a83227a60e",
          "version": "0.11.4"
        }
      },
      {
        "package": "ObjectiveDropboxOfficial",
        "repositoryURL": "https://github.com/phil1995/dropbox-sdk-obj-c.git",
        "state": {
          "branch": "main",
          "revision": "375a67dd299548693527f15a3a3df14f44eff47d",
          "version": null
        }
      },
      {
        "package": "GoogleAPIClientForREST",
        "repositoryURL": "https://github.com/google/google-api-objectivec-client-for-rest.git",
        "state": {
          "branch": null,
          "revision": "430236029b2022ad8aab353af77f86049c8bdd3b",
          "version": "1.4.3"
        }
      },
      {
        "package": "GRDB",
        "repositoryURL": "https://github.com/groue/GRDB.swift.git",
        "state": {
          "branch": null,
          "revision": "5ee47c3c2765bdfde0f44c2ea9a263f6aa252d63",
          "version": "4.14.0"
        }
      },
      {
        "package": "GTMSessionFetcher",
        "repositoryURL": "https://github.com/google/gtm-session-fetcher.git",
        "state": {
          "branch": null,
          "revision": "1d4ef59335abfccee6150ca5c9b436c17c801fa9",
          "version": "1.4.0"
        }
      },
      {
        "package": "GTMAppAuth",
        "repositoryURL": "https://github.com/google/GTMAppAuth.git",
        "state": {
          "branch": null,
          "revision": "319b2371c69138665d8cbd7c6700ceccbb49e04f",
          "version": "1.1.0"
        }
      },
      {
        "package": "JOSESwift",
        "repositoryURL": "https://github.com/airsidemobile/JOSESwift.git",
        "state": {
          "branch": null,
          "revision": "10ed3b6736def7c26eb87135466b1cb46ea7e37f",
          "version": "2.4.0"
        }
      },
      {
        "package": "MSAL",
        "repositoryURL": "https://github.com/AzureAD/microsoft-authentication-library-for-objc.git",
        "state": {
          "branch": null,
          "revision": "06a2a1cd11d72ef19a09d4b66b292f5185337692",
          "version": "1.1.17"
        }
      },
      {
        "package": "MSGraphClientSDK",
        "repositoryURL": "https://github.com/phil1995/msgraph-sdk-objc.git",
        "state": {
          "branch": "swift-pm",
          "revision": "a4d0a18ab62176762e4efc2f56021c2f386d98bc",
          "version": null
        }
      },
      {
        "package": "MSGraphMSALAuthProvider",
        "repositoryURL": "https://github.com/phil1995/msgraph-sdk-objc-auth.git",
        "state": {
          "branch": "swift-pm",
          "revision": "2b3c3fd3c3252608b2f8e53a71e1a57a48925690",
          "version": null
        }
      },
      {
        "package": "MSGraphClientModels",
        "repositoryURL": "https://github.com/phil1995/msgraph-sdk-objc-models.git",
        "state": {
          "branch": "1.3.0-fixed",
          "revision": "50596f424c7496687f34666372c71a6fe6270ac2",
          "version": null
        }
      },
      {
        "package": "Promises",
        "repositoryURL": "https://github.com/google/promises.git",
        "state": {
          "branch": null,
          "revision": "afa9a1ace74e116848d4f743599ab83e584ff8cb",
          "version": "1.2.12"
        }
      },
      {
        "package": "swift-log",
        "repositoryURL": "https://github.com/apple/swift-log.git",
        "state": {
          "branch": null,
          "revision": "5d66f7ba25daf4f94100e7022febf3c75e37a6c7",
          "version": "1.4.2"
        }
      }
    ]
  },
  "version": 1
}
